
Microsoft Visual Studio Solution File, Format Version 12.00
# Visual Studio 15
VisualStudioVersion = 15.0.27428.2015
MinimumVisualStudioVersion = 10.0.40219.1
Project("{FAE04EC0-301F-11D3-BF4B-00C04F79EFBC}") = "KryptografiaWizualna", "KryptografiaWizualna\KryptografiaWizualna.csproj", "{AAF7A987-06B9-432D-9D5C-6589BFC4469A}"
EndProject
Global
	GlobalSection(SolutionConfigurationPlatforms) = preSolution
		Debug|Any CPU = Debug|Any CPU
		Release|Any CPU = Release|Any CPU
	EndGlobalSection
	GlobalSection(ProjectConfigurationPlatforms) = postSolution
		{AAF7A987-06B9-432D-9D5C-6589BFC4469A}.Debug|Any CPU.ActiveCfg = Debug|Any CPU
		{AAF7A987-06B9-432D-9D5C-6589BFC4469A}.Debug|Any CPU.Build.0 = Debug|Any CPU
		{AAF7A987-06B9-432D-9D5C-6589BFC4469A}.Release|Any CPU.ActiveCfg = Release|Any CPU
		{AAF7A987-06B9-432D-9D5C-6589BFC4469A}.Release|Any CPU.Build.0 = Release|Any CPU
	EndGlobalSection
	GlobalSection(SolutionProperties) = preSolution
		HideSolutionNode = FALSE
	EndGlobalSection
	GlobalSection(ExtensibilityGlobals) = postSolution
		SolutionGuid = {E80E68D4-28AF-4CD8-9EB1-4E69E886D0E5}
	EndGlobalSection
EndGlobal
